
Microsoft Visual Studio Solution File, Format Version 12.00
# Visual Studio Version 17
VisualStudioVersion = 17.13.35806.99 d17.13
MinimumVisualStudioVersion = 10.0.40219.1
Project("{FAE04EC0-301F-11D3-BF4B-00C04F79EFBC}") = "BudgetApp", "BudgetApp\BudgetApp.csproj", "{39DA72C9-EF96-47BF-8373-6A235CECA927}"
EndProject
Global
	GlobalSection(SolutionConfigurationPlatforms) = preSolution
		Debug|Any CPU = Debug|Any CPU
		Release|Any CPU = Release|Any CPU
	EndGlobalSection
	GlobalSection(ProjectConfigurationPlatforms) = postSolution
		{39DA72C9-EF96-47BF-8373-6A235CECA927}.Debug|Any CPU.ActiveCfg = Debug|Any CPU
		{39DA72C9-EF96-47BF-8373-6A235CECA927}.Debug|Any CPU.Build.0 = Debug|Any CPU
		{39DA72C9-EF96-47BF-8373-6A235CECA927}.Release|Any CPU.ActiveCfg = Release|Any CPU
		{39DA72C9-EF96-47BF-8373-6A235CECA927}.Release|Any CPU.Build.0 = Release|Any CPU
	EndGlobalSection
	GlobalSection(SolutionProperties) = preSolution
		HideSolutionNode = FALSE
	EndGlobalSection
	GlobalSection(ExtensibilityGlobals) = postSolution
		SolutionGuid = {ED22A134-2403-449E-9394-50FD699A9C8B}
	EndGlobalSection
EndGlobal
