
Microsoft Visual Studio Solution File, Format Version 12.00
# Visual Studio Version 17
VisualStudioVersion = 17.11.35222.181
MinimumVisualStudioVersion = 10.0.40219.1
Project("{FAE04EC0-301F-11D3-BF4B-00C04F79EFBC}") = "pickShapeColor", "pickShapeColor\pickShapeColor.csproj", "{A077340E-127B-4C0E-B1C7-E561B9670329}"
EndProject
Global
	GlobalSection(SolutionConfigurationPlatforms) = preSolution
		Debug|Any CPU = Debug|Any CPU
		Release|Any CPU = Release|Any CPU
	EndGlobalSection
	GlobalSection(ProjectConfigurationPlatforms) = postSolution
		{A077340E-127B-4C0E-B1C7-E561B9670329}.Debug|Any CPU.ActiveCfg = Debug|Any CPU
		{A077340E-127B-4C0E-B1C7-E561B9670329}.Debug|Any CPU.Build.0 = Debug|Any CPU
		{A077340E-127B-4C0E-B1C7-E561B9670329}.Release|Any CPU.ActiveCfg = Release|Any CPU
		{A077340E-127B-4C0E-B1C7-E561B9670329}.Release|Any CPU.Build.0 = Release|Any CPU
	EndGlobalSection
	GlobalSection(SolutionProperties) = preSolution
		HideSolutionNode = FALSE
	EndGlobalSection
	GlobalSection(ExtensibilityGlobals) = postSolution
		SolutionGuid = {8FC49A8B-0179-4BEB-BE2E-648637F84B58}
	EndGlobalSection
EndGlobal
