
Microsoft Visual Studio Solution File, Format Version 12.00
# Visual Studio Version 17
VisualStudioVersion = 17.14.36414.22 d17.14
MinimumVisualStudioVersion = 10.0.40219.1
Project("{FAE04EC0-301F-11D3-BF4B-00C04F79EFBC}") = "daneUzytkownika", "daneUzytkownika\daneUzytkownika.csproj", "{58B5993A-C158-48E7-BC55-222D480FE268}"
EndProject
Global
	GlobalSection(SolutionConfigurationPlatforms) = preSolution
		Debug|Any CPU = Debug|Any CPU
		Release|Any CPU = Release|Any CPU
	EndGlobalSection
	GlobalSection(ProjectConfigurationPlatforms) = postSolution
		{58B5993A-C158-48E7-BC55-222D480FE268}.Debug|Any CPU.ActiveCfg = Debug|Any CPU
		{58B5993A-C158-48E7-BC55-222D480FE268}.Debug|Any CPU.Build.0 = Debug|Any CPU
		{58B5993A-C158-48E7-BC55-222D480FE268}.Release|Any CPU.ActiveCfg = Release|Any CPU
		{58B5993A-C158-48E7-BC55-222D480FE268}.Release|Any CPU.Build.0 = Release|Any CPU
	EndGlobalSection
	GlobalSection(SolutionProperties) = preSolution
		HideSolutionNode = FALSE
	EndGlobalSection
	GlobalSection(ExtensibilityGlobals) = postSolution
		SolutionGuid = {6D8A11C5-6367-4A42-8544-14AF62D3251C}
	EndGlobalSection
EndGlobal
