
Microsoft Visual Studio Solution File, Format Version 12.00
# Visual Studio Version 17
VisualStudioVersion = 17.14.36414.22 d17.14
MinimumVisualStudioVersion = 10.0.40219.1
Project("{FAE04EC0-301F-11D3-BF4B-00C04F79EFBC}") = "WprowadzanieDanych", "WprowadzanieDanych\WprowadzanieDanych.csproj", "{60BC1134-13E7-4628-9982-D1AD446DDB89}"
EndProject
Global
	GlobalSection(SolutionConfigurationPlatforms) = preSolution
		Debug|Any CPU = Debug|Any CPU
		Release|Any CPU = Release|Any CPU
	EndGlobalSection
	GlobalSection(ProjectConfigurationPlatforms) = postSolution
		{60BC1134-13E7-4628-9982-D1AD446DDB89}.Debug|Any CPU.ActiveCfg = Debug|Any CPU
		{60BC1134-13E7-4628-9982-D1AD446DDB89}.Debug|Any CPU.Build.0 = Debug|Any CPU
		{60BC1134-13E7-4628-9982-D1AD446DDB89}.Release|Any CPU.ActiveCfg = Release|Any CPU
		{60BC1134-13E7-4628-9982-D1AD446DDB89}.Release|Any CPU.Build.0 = Release|Any CPU
	EndGlobalSection
	GlobalSection(SolutionProperties) = preSolution
		HideSolutionNode = FALSE
	EndGlobalSection
	GlobalSection(ExtensibilityGlobals) = postSolution
		SolutionGuid = {C83CC79E-2CA8-499A-A39E-E346AB7C4A32}
	EndGlobalSection
EndGlobal
